// !$*UTF8*$!
{
	archiveVersion = 1;
	classes = {
	};
	objectVersion = 46;
	objects = {

/* Begin PBXBuildFile section */
		D92CAF511ED63C910030F1DB /* AppDelegate.swift in Sources */ = {isa = PBXBuildFile; fileRef = D92CAF501ED63C910030F1DB /* AppDelegate.swift */; };
		D92CAF531ED63C910030F1DB /* ViewController.swift in Sources */ = {isa = PBXBuildFile; fileRef = D92CAF521ED63C910030F1DB /* ViewController.swift */; };
		D92CAF561ED63C920030F1DB /* Main.storyboard in Resources */ = {isa = PBXBuildFile; fileRef = D92CAF541ED63C920030F1DB /* Main.storyboard */; };
		D92CAF581ED63C920030F1DB /* Assets.xcassets in Resources */ = {isa = PBXBuildFile; fileRef = D92CAF571ED63C920030F1DB /* Assets.xcassets */; };
		D92CAF5B1ED63C920030F1DB /* LaunchScreen.storyboard in Resources */ = {isa = PBXBuildFile; fileRef = D92CAF591ED63C920030F1DB /* LaunchScreen.storyboard */; };
/* End PBXBuildFile section */

/* Begin PBXFileReference section */
		D92CAF4D1ED63C910030F1DB /* How many fingers.app */ = {isa = PBXFileReference; explicitFileType = wrapper.application; includeInIndex = 0; path = "How many fingers.app"; sourceTree = BUILT_PRODUCTS_DIR; };
		D92CAF501ED63C910030F1DB /* AppDelegate.swift */ = {isa = PBXFileReference; lastKnownFileType = sourcecode.swift; path = AppDelegate.swift; sourceTree = "<group>"; };
		D92CAF521ED63C910030F1DB /* ViewController.swift */ = {isa = PBXFileReference; lastKnownFileType = sourcecode.swift; path = ViewController.swift; sourceTree = "<group>"; };
		D92CAF551ED63C920030F1DB /* Base */ = {isa = PBXFileReference; lastKnownFileType = file.storyboard; name = Base; path = Base.lproj/Main.storyboard; sourceTree = "<group>"; };
		D92CAF571ED63C920030F1DB /* Assets.xcassets */ = {isa = PBXFileReference; lastKnownFileType = folder.assetcatalog; path = Assets.xcassets; sourceTree = "<group>"; };
		D92CAF5A1ED63C920030F1DB /* Base */ = {isa = PBXFileReference; lastKnownFileType = file.storyboard; name = Base; path = Base.lproj/LaunchScreen.storyboard; sourceTree = "<group>"; };
		D92CAF5C1ED63C920030F1DB /* Info.plist */ = {isa = PBXFileReference; lastKnownFileType = text.plist.xml; path = Info.plist; sourceTree = "<group>"; };
/* End PBXFileReference section */

/* Begin PBXFrameworksBuildPhase section */
		D92CAF4A1ED63C910030F1DB /* Frameworks */ = {
			isa = PBXFrameworksBuildPhase;
			buildActionMask = 2147483647;
			files = (
			);
			runOnlyForDeploymentPostprocessing = 0;
		};
/* End PBXFrameworksBuildPhase section */

/* Begin PBXGroup section */
		D92CAF441ED63C910030F1DB = {
			isa = PBXGroup;
			children = (
				D92CAF4F1ED63C910030F1DB /* How many fingers */,
				D92CAF4E1ED63C910030F1DB /* Products */,
			);
			sourceTree = "<group>";
		};
		D92CAF4E1ED63C910030F1DB /* Products */ = {
			isa = PBXGroup;
			children = (
				D92CAF4D1ED63C910030F1DB /* How many fingers.app */,
			);
			name = Products;
			sourceTree = "<group>";
		};
		D92CAF4F1ED63C910030F1DB /* How many fingers */ = {
			isa = PBXGroup;
			children = (
				D92CAF501ED63C910030F1DB /* AppDelegate.swift */,
				D92CAF521ED63C910030F1DB /* ViewController.swift */,
				D92CAF541ED63C920030F1DB /* Main.storyboard */,
				D92CAF571ED63C920030F1DB /* Assets.xcassets */,
				D92CAF591ED63C920030F1DB /* LaunchScreen.storyboard */,
				D92CAF5C1ED63C920030F1DB /* Info.plist */,
			);
			path = "How many fingers";
			sourceTree = "<group>";
		};
/* End PBXGroup section */

/* Begin PBXNativeTarget section */
		D92CAF4C1ED63C910030F1DB /* How many fingers */ = {
			isa = PBXNativeTarget;
			buildConfigurationList = D92CAF5F1ED63C920030F1DB /* Build configuration list for PBXNativeTarget "How many fingers" */;
			buildPhases = (
				D92CAF491ED63C910030F1DB /* Sources */,
				D92CAF4A1ED63C910030F1DB /* Frameworks */,
				D92CAF4B1ED63C910030F1DB /* Resources */,
			);
			buildRules = (
			);
			dependencies = (
			);
			name = "How many fingers";
			productName = "How many fingers";
			productReference = D92CAF4D1ED63C910030F1DB /* How many fingers.app */;
			productType = "com.apple.product-type.application";
		};
/* End PBXNativeTarget section */

/* Begin PBXProject section */
		D92CAF451ED63C910030F1DB /* Project object */ = {
			isa = PBXProject;
			attributes = {
				LastSwiftUpdateCheck = 0830;
				LastUpgradeCheck = 0830;
				ORGANIZATIONNAME = gracedurham;
				TargetAttributes = {
					D92CAF4C1ED63C910030F1DB = {
						CreatedOnToolsVersion = 8.3.2;
						ProvisioningStyle = Automatic;
					};
				};
			};
			buildConfigurationList = D92CAF481ED63C910030F1DB /* Build configuration list for PBXProject "How many fingers" */;
			compatibilityVersion = "Xcode 3.2";
			developmentRegion = English;
			hasScannedForEncodings = 0;
			knownRegions = (
				en,
				Base,
			);
			mainGroup = D92CAF441ED63C910030F1DB;
			productRefGroup = D92CAF4E1ED63C910030F1DB /* Products */;
			projectDirPath = "";
			projectRoot = "";
			targets = (
				D92CAF4C1ED63C910030F1DB /* How many fingers */,
			);
		};
/* End PBXProject section */

/* Begin PBXResourcesBuildPhase section */
		D92CAF4B1ED63C910030F1DB /* Resources */ = {
			isa = PBXResourcesBuildPhase;
			buildActionMask = 2147483647;
			files = (
				D92CAF5B1ED63C920030F1DB /* LaunchScreen.storyboard in Resources */,
				D92CAF581ED63C920030F1DB /* Assets.xcassets in Resources */,
				D92CAF561ED63C920030F1DB /* Main.storyboard in Resources */,
			);
			runOnlyForDeploymentPostprocessing = 0;
		};
/* End PBXResourcesBuildPhase section */

/* Begin PBXSourcesBuildPhase section */
		D92CAF491ED63C910030F1DB /* Sources */ = {
			isa = PBXSourcesBuildPhase;
			buildActionMask = 2147483647;
			files = (
				D92CAF531ED63C910030F1DB /* ViewController.swift in Sources */,
				D92CAF511ED63C910030F1DB /* AppDelegate.swift in Sources */,
			);
			runOnlyForDeploymentPostprocessing = 0;
		};
/* End PBXSourcesBuildPhase section */

/* Begin PBXVariantGroup section */
		D92CAF541ED63C920030F1DB /* Main.storyboard */ = {
			isa = PBXVariantGroup;
			children = (
				D92CAF551ED63C920030F1DB /* Base */,
			);
			name = Main.storyboard;
			sourceTree = "<group>";
		};
		D92CAF591ED63C920030F1DB /* LaunchScreen.storyboard */ = {
			isa = PBXVariantGroup;
			children = (
				D92CAF5A1ED63C920030F1DB /* Base */,
			);
			name = LaunchScreen.storyboard;
			sourceTree = "<group>";
		};
/* End PBXVariantGroup section */

/* Begin XCBuildConfiguration section */
		D92CAF5D1ED63C920030F1DB /* Debug */ = {
			isa = XCBuildConfiguration;
			buildSettings = {
				ALWAYS_SEARCH_USER_PATHS = NO;
				CLANG_ANALYZER_NONNULL = YES;
				CLANG_ANALYZER_NUMBER_OBJECT_CONVERSION = YES_AGGRESSIVE;
				CLANG_CXX_LANGUAGE_STANDARD = "gnu++0x";
				CLANG_CXX_LIBRARY = "libc++";
				CLANG_ENABLE_MODULES = YES;
				CLANG_ENABLE_OBJC_ARC = YES;
				CLANG_WARN_BOOL_CONVERSION = YES;
				CLANG_WARN_CONSTANT_CONVERSION = YES;
				CLANG_WARN_DIRECT_OBJC_ISA_USAGE = YES_ERROR;
				CLANG_WARN_DOCUMENTATION_COMMENTS = YES;
				CLANG_WARN_EMPTY_BODY = YES;
				CLANG_WARN_ENUM_CONVERSION = YES;
				CLANG_WARN_INFINITE_RECURSION = YES;
				CLANG_WARN_INT_CONVERSION = YES;
				CLANG_WARN_OBJC_ROOT_CLASS = YES_ERROR;
				CLANG_WARN_SUSPICIOUS_MOVE = YES;
				CLANG_WARN_UNREACHABLE_CODE = YES;
				CLANG_WARN__DUPLICATE_METHOD_MATCH = YES;
				"CODE_SIGN_IDENTITY[sdk=iphoneos*]" = "iPhone Developer";
				COPY_PHASE_STRIP = NO;
				DEBUG_INFORMATION_FORMAT = dwarf;
				ENABLE_STRICT_OBJC_MSGSEND = YES;
				ENABLE_TESTABILITY = YES;
				GCC_C_LANGUAGE_STANDARD = gnu99;
				GCC_DYNAMIC_NO_PIC = NO;
				GCC_NO_COMMON_BLOCKS = YES;
				GCC_OPTIMIZATION_LEVEL = 0;
				GCC_PREPROCESSOR_DEFINITIONS = (
					"DEBUG=1",
					"$(inherited)",
				);
				GCC_WARN_64_TO_32_BIT_CONVERSION = YES;
				GCC_WARN_ABOUT_RETURN_TYPE = YES_ERROR;
				GCC_WARN_UNDECLARED_SELECTOR = YES;
				GCC_WARN_UNINITIALIZED_AUTOS = YES_AGGRESSIVE;
				GCC_WARN_UNUSED_FUNCTION = YES;
				GCC_WARN_UNUSED_VARIABLE = YES;
				IPHONEOS_DEPLOYMENT_TARGET = 10.3;
				MTL_ENABLE_DEBUG_INFO = YES;
				ONLY_ACTIVE_ARCH = YES;
				SDKROOT = iphoneos;
				SWIFT_ACTIVE_COMPILATION_CONDITIONS = DEBUG;
				SWIFT_OPTIMIZATION_LEVEL = "-Onone";
			};
			name = Debug;
		};
		D92CAF5E1ED63C920030F1DB /* Release */ = {
			isa = XCBuildConfiguration;
			buildSettings = {
				ALWAYS_SEARCH_USER_PATHS = NO;
				CLANG_ANALYZER_NONNULL = YES;
				CLANG_ANALYZER_NUMBER_OBJECT_CONVERSION = YES_AGGRESSIVE;
				CLANG_CXX_LANGUAGE_STANDARD = "gnu++0x";
				CLANG_CXX_LIBRARY = "libc++";
				CLANG_ENABLE_MODULES = YES;
				CLANG_ENABLE_OBJC_ARC = YES;
				CLANG_WARN_BOOL_CONVERSION = YES;
				CLANG_WARN_CONSTANT_CONVERSION = YES;
				CLANG_WARN_DIRECT_OBJC_ISA_USAGE = YES_ERROR;
				CLANG_WARN_DOCUMENTATION_COMMENTS = YES;
				CLANG_WARN_EMPTY_BODY = YES;
				CLANG_WARN_ENUM_CONVERSION = YES;
				CLANG_WARN_INFINITE_RECURSION = YES;
				CLANG_WARN_INT_CONVERSION = YES;
				CLANG_WARN_OBJC_ROOT_CLASS = YES_ERROR;
				CLANG_WARN_SUSPICIOUS_MOVE = YES;
				CLANG_WARN_UNREACHABLE_CODE = YES;
				CLANG_WARN__DUPLICATE_METHOD_MATCH = YES;
				"CODE_SIGN_IDENTITY[sdk=iphoneos*]" = "iPhone Developer";
				COPY_PHASE_STRIP = NO;
				DEBUG_INFORMATION_FORMAT = "dwarf-with-dsym";
				ENABLE_NS_ASSERTIONS = NO;
				ENABLE_STRICT_OBJC_MSGSEND = YES;
				GCC_C_LANGUAGE_STANDARD = gnu99;
				GCC_NO_COMMON_BLOCKS = YES;
				GCC_WARN_64_TO_32_BIT_CONVERSION = YES;
				GCC_WARN_ABOUT_RETURN_TYPE = YES_ERROR;
				GCC_WARN_UNDECLARED_SELECTOR = YES;
				GCC_WARN_UNINITIALIZED_AUTOS = YES_AGGRESSIVE;
				GCC_WARN_UNUSED_FUNCTION = YES;
				GCC_WARN_UNUSED_VARIABLE = YES;
				IPHONEOS_DEPLOYMENT_TARGET = 10.3;
				MTL_ENABLE_DEBUG_INFO = NO;
				SDKROOT = iphoneos;
				SWIFT_OPTIMIZATION_LEVEL = "-Owholemodule";
				VALIDATE_PRODUCT = YES;
			};
			name = Release;
		};
		D92CAF601ED63C920030F1DB /* Debug */ = {
			isa = XCBuildConfiguration;
			buildSettings = {
				ASSETCATALOG_COMPILER_APPICON_NAME = AppIcon;
				INFOPLIST_FILE = "How many fingers/Info.plist";
				LD_RUNPATH_SEARCH_PATHS = "$(inherited) @executable_path/Frameworks";
				PRODUCT_BUNDLE_IDENTIFIER = "com.gracedurham.How-many-fingers";
				PRODUCT_NAME = "$(TARGET_NAME)";
				SWIFT_VERSION = 3.0;
			};
			name = Debug;
		};
		D92CAF611ED63C920030F1DB /* Release */ = {
			isa = XCBuildConfiguration;
			buildSettings = {
				ASSETCATALOG_COMPILER_APPICON_NAME = AppIcon;
				INFOPLIST_FILE = "How many fingers/Info.plist";
				LD_RUNPATH_SEARCH_PATHS = "$(inherited) @executable_path/Frameworks";
				PRODUCT_BUNDLE_IDENTIFIER = "com.gracedurham.How-many-fingers";
				PRODUCT_NAME = "$(TARGET_NAME)";
				SWIFT_VERSION = 3.0;
			};
			name = Release;
		};
/* End XCBuildConfiguration section */

/* Begin XCConfigurationList section */
		D92CAF481ED63C910030F1DB /* Build configuration list for PBXProject "How many fingers" */ = {
			isa = XCConfigurationList;
			buildConfigurations = (
				D92CAF5D1ED63C920030F1DB /* Debug */,
				D92CAF5E1ED63C920030F1DB /* Release */,
			);
			defaultConfigurationIsVisible = 0;
			defaultConfigurationName = Release;
		};
		D92CAF5F1ED63C920030F1DB /* Build configuration list for PBXNativeTarget "How many fingers" */ = {
			isa = XCConfigurationList;
			buildConfigurations = (
				D92CAF601ED63C920030F1DB /* Debug */,
				D92CAF611ED63C920030F1DB /* Release */,
			);
			defaultConfigurationIsVisible = 0;
		};
/* End XCConfigurationList section */
	};
	rootObject = D92CAF451ED63C910030F1DB /* Project object */;
}
